# THIS IS AN AUTOGENERATED FILE. DO NOT EDIT THIS FILE DIRECTLY.
# yarn lockfile v1


"@babel/runtime@^7.16.3":
  version "7.16.3"
  resolved "https://registry.yarnpkg.com/@babel/runtime/-/runtime-7.16.3.tgz#b86f0db02a04187a3c17caa77de69840165d42d5"
  integrity sha512-WBwekcqacdY2e9AF/Q7WLFUWmdJGJTkbjqTjoMDgXkVZ3ZRUvOPsLb5KdwISoQVsbP+DQzVZW4Zhci0DvpbNTQ==
  dependencies:
    regenerator-runtime "^0.13.4"

"@mui/icons-material@^5.2.0":
  version "5.2.0"
  resolved "https://registry.yarnpkg.com/@mui/icons-material/-/icons-material-5.2.0.tgz#6c6135bb2d7891e29d6f9419df402b82dd663517"
  integrity sha512-NvyrVaGKpP4R1yFw8BCnE0QcsQ67RtpgxPr4FtH8q60MDYPuPVczLOn5Ash5CFavoDWur/NfM/4DpT54yf3InA==
  dependencies:
    "@babel/runtime" "^7.16.3"

regenerator-runtime@^0.13.4:
  version "0.13.9"
  resolved "https://registry.yarnpkg.com/regenerator-runtime/-/regenerator-runtime-0.13.9.tgz#8925742a98ffd90814988d7566ad30ca3b263b52"
  integrity sha512-p3VT+cOEgxFsRRA9X4lkI1E+k2/CtnKtU4gcxyaCUreilL/vqI6CdZ3wxVUx3UOUg+gnUOQQcRI7BmSI656MYA==
